// !$*UTF8*$!
{
	archiveVersion = 1;
	classes = {
	};
	objectVersion = 56;
	objects = {

/* Begin PBXBuildFile section */
		0228C26BE452D04A047B2BEC /* ComicDetailView.swift in Sources */ = {isa = PBXBuildFile; fileRef = 800BA4DE21472DAEE9BD72A5 /* ComicDetailView.swift */; };
		27452073BF7E16FFDA22C3D7 /* LoginView.swift in Sources */ = {isa = PBXBuildFile; fileRef = FD448C133F7E79A1106AC69D /* LoginView.swift */; };
		2B782AD22E6F268347228108 /* SearchView.swift in Sources */ = {isa = PBXBuildFile; fileRef = B3A15C46BF0124D64A8C3C5F /* SearchView.swift */; };
		33625400DAB4F8A6E2BB4F33 /* SwiftDataSchema.swift in Sources */ = {isa = PBXBuildFile; fileRef = C4FA75D9C8968D84B368F9A8 /* SwiftDataSchema.swift */; };
		3A4549693656ED1378391633 /* ReadingStats.swift in Sources */ = {isa = PBXBuildFile; fileRef = 6F3CF63A95EE284100F32221 /* ReadingStats.swift */; };
		4312C00E3E754FF97B189E71 /* LibraryView.swift in Sources */ = {isa = PBXBuildFile; fileRef = FCB28DBA10692EB6A3641686 /* LibraryView.swift */; };
		43359D9B4B161C1AF2D3DFC0 /* AuthUser.swift in Sources */ = {isa = PBXBuildFile; fileRef = 588B06BD00473D792D75DEA4 /* AuthUser.swift */; };
		4362EE3CF4B606F3E86E31E9 /* RootRouter.swift in Sources */ = {isa = PBXBuildFile; fileRef = 17774F0F1EEC7CA81030666F /* RootRouter.swift */; };
		4B5F4AF5F8677CB7A908FCCB /* StatsView.swift in Sources */ = {isa = PBXBuildFile; fileRef = 670D3ADDF1E36BD021A3A38B /* StatsView.swift */; };
		612C81104C111196CD2DA490 /* FavoritesView.swift in Sources */ = {isa = PBXBuildFile; fileRef = 29EAAF7BE27980179E153307 /* FavoritesView.swift */; };
		62760E55A1F875DE0D4B59DA /* APIClient.swift in Sources */ = {isa = PBXBuildFile; fileRef = F5318C1609DE58FD7D280D14 /* APIClient.swift */; };
		66AA1122334455667700AA00 /* AuthenticatedImage.swift in Sources */ = {isa = PBXBuildFile; fileRef = 77AA1122334455667700AA00 /* AuthenticatedImage.swift */; };
		7AC85E334CC941FBA4BD6103 /* Tag.swift in Sources */ = {isa = PBXBuildFile; fileRef = 79CC617D5F7C868FFF90F75C /* Tag.swift */; };
		858D6D397D4C7171A8503799 /* MainTabView.swift in Sources */ = {isa = PBXBuildFile; fileRef = DC44AAB4CC664B62E2DDAD0D /* MainTabView.swift */; };
		91F1A3C2B8D4E5F607A8B9C0D1E2F3A4 /* Assets.xcassets in Resources */ = {isa = PBXBuildFile; fileRef = 0A1B2C3D4E5F6A7B8C9D0E1F2A3B4C5D /* Assets.xcassets */; };
		95882555E3015F53A499BA35 /* NovelReaderView.swift in Sources */ = {isa = PBXBuildFile; fileRef = 57BAE200908585CFAEF2F29F /* NovelReaderView.swift */; };
		A8CB77540EE3B2CA7781AAEE /* PDFReaderView.swift in Sources */ = {isa = PBXBuildFile; fileRef = 1BE60152235EF1C13E85021D /* PDFReaderView.swift */; };
		AA002233445566778800BB02 /* ComicGroup.swift in Sources */ = {isa = PBXBuildFile; fileRef = AA002233445566778800BB01 /* ComicGroup.swift */; };
		AA002233445566778800BB04 /* GroupDetailView.swift in Sources */ = {isa = PBXBuildFile; fileRef = AA002233445566778800BB03 /* GroupDetailView.swift */; };
		AABB00030000000000000001 /* ServerListView.swift in Sources */ = {isa = PBXBuildFile; fileRef = AABB00040000000000000001 /* ServerListView.swift */; };
		BE27FFB197D2C1E2B8F11870 /* Comic.swift in Sources */ = {isa = PBXBuildFile; fileRef = D804FBE0A5F92DA8770C8FC7 /* Comic.swift */; };
		CC0000000000000000000001 /* AppLogger.swift in Sources */ = {isa = PBXBuildFile; fileRef = CC0000000000000000000002 /* AppLogger.swift */; };
		CC0000000000000000000003 /* KeychainHelper.swift in Sources */ = {isa = PBXBuildFile; fileRef = CC0000000000000000000004 /* KeychainHelper.swift */; };
		CC0000000000000000000005 /* AccountManagerView.swift in Sources */ = {isa = PBXBuildFile; fileRef = CC0000000000000000000006 /* AccountManagerView.swift */; };
		CC0000000000000000000007 /* ReadingRecordManager.swift in Sources */ = {isa = PBXBuildFile; fileRef = CC0000000000000000000008 /* ReadingRecordManager.swift */; };
		CC000000000000000000000A /* ImageCache.swift in Sources */ = {isa = PBXBuildFile; fileRef = CC000000000000000000000B /* ImageCache.swift */; };
		CC000000000000000000000C /* PaginationService.swift in Sources */ = {isa = PBXBuildFile; fileRef = CC000000000000000000000D /* PaginationService.swift */; };
		CC000000000000000000000E /* ChapterCache.swift in Sources */ = {isa = PBXBuildFile; fileRef = CC000000000000000000000F /* ChapterCache.swift */; };
		CC0000000000000000000010 /* ComicReaderViewModel.swift in Sources */ = {isa = PBXBuildFile; fileRef = CC0000000000000000000011 /* ComicReaderViewModel.swift */; };
		CC0000000000000000000012 /* Comic+ReaderView.swift in Sources */ = {isa = PBXBuildFile; fileRef = CC0000000000000000000013 /* Comic+ReaderView.swift */; };
		DA7EA316D1A45103D7500886 /* ComicReaderView.swift in Sources */ = {isa = PBXBuildFile; fileRef = 91346E6AC3EF13E05ABD82E0 /* ComicReaderView.swift */; };
		DD1000000000000000000002 /* OfflineFileManager.swift in Sources */ = {isa = PBXBuildFile; fileRef = DD1000000000000000000001 /* OfflineFileManager.swift */; };
		DD1000000000000000000004 /* DownloadManager.swift in Sources */ = {isa = PBXBuildFile; fileRef = DD1000000000000000000003 /* DownloadManager.swift */; };
		DD1000000000000000000006 /* DownloadListView.swift in Sources */ = {isa = PBXBuildFile; fileRef = DD1000000000000000000005 /* DownloadListView.swift */; };
		DD2000000000000000000002 /* PendingProgressManager.swift in Sources */ = {isa = PBXBuildFile; fileRef = DD2000000000000000000001 /* PendingProgressManager.swift */; };
		E5E727D0FEC62CDB10B018E9 /* NowenReaderLiteApp.swift in Sources */ = {isa = PBXBuildFile; fileRef = 68161902B8397ACA3CD6C4B6 /* NowenReaderLiteApp.swift */; };
		E7853F900C8BA5EB70057CEB /* ServerConfigView.swift in Sources */ = {isa = PBXBuildFile; fileRef = E8B8E5B600CC96114C23DE72 /* ServerConfigView.swift */; };
		EAC5D9A804E4AC932916EE39 /* SettingsView.swift in Sources */ = {isa = PBXBuildFile; fileRef = 5B37C34C647049726BF3DEED /* SettingsView.swift */; };
		EE3344556677889900BB02 /* FormatUtils.swift in Sources */ = {isa = PBXBuildFile; fileRef = EE3344556677889900BB01 /* FormatUtils.swift */; };
		F5A74BBAAACB8D0184EF7BE4 /* anime4k-4x-a-hq.mlpackage in Resources */ = {isa = PBXBuildFile; fileRef = F5A74BBAAACB8D0184EF7BE3 /* anime4k-4x-a-hq.mlpackage */; };
		F5A74BBAAACB8D0184EF7BE6 /* ImageUpscaler.swift in Sources */ = {isa = PBXBuildFile; fileRef = F5A74BBAAACB8D0184EF7BE5 /* ImageUpscaler.swift */; };
		F5A74BBAAACB8D0184EF7BEA /* RealESRGAN_x4plus_Anime.mlpackage in Resources */ = {isa = PBXBuildFile; fileRef = F5A74BBAAACB8D0184EF7BE9 /* RealESRGAN_x4plus_Anime.mlpackage */; };
		FF112233445566778899AABB /* HomeView.swift in Sources */ = {isa = PBXBuildFile; fileRef = EE112233445566778899AABB /* HomeView.swift */; };
/* End PBXBuildFile section */

/* Begin PBXFileReference section */
		0371F5659545954E0A349421 /* NowenReaderLite.app */ = {isa = PBXFileReference; explicitFileType = wrapper.application; includeInIndex = 0; path = NowenReaderLite.app; sourceTree = BUILT_PRODUCTS_DIR; };
		0A1B2C3D4E5F6A7B8C9D0E1F2A3B4C5D /* Assets.xcassets */ = {isa = PBXFileReference; lastKnownFileType = folder.assetcatalog; path = Assets.xcassets; sourceTree = SOURCE_ROOT; };
		17774F0F1EEC7CA81030666F /* RootRouter.swift */ = {isa = PBXFileReference; lastKnownFileType = sourcecode.swift; path = RootRouter.swift; sourceTree = "<group>"; };
		1BE60152235EF1C13E85021D /* PDFReaderView.swift */ = {isa = PBXFileReference; lastKnownFileType = sourcecode.swift; path = PDFReaderView.swift; sourceTree = "<group>"; };
		29EAAF7BE27980179E153307 /* FavoritesView.swift */ = {isa = PBXFileReference; lastKnownFileType = sourcecode.swift; path = FavoritesView.swift; sourceTree = "<group>"; };
		2A5F6B3AC11518BEECED71CD /* Info.plist */ = {isa = PBXFileReference; lastKnownFileType = text.plist.xml; path = Info.plist; sourceTree = SOURCE_ROOT; };
		57BAE200908585CFAEF2F29F /* NovelReaderView.swift */ = {isa = PBXFileReference; lastKnownFileType = sourcecode.swift; path = NovelReaderView.swift; sourceTree = "<group>"; };
		588B06BD00473D792D75DEA4 /* AuthUser.swift */ = {isa = PBXFileReference; lastKnownFileType = sourcecode.swift; path = AuthUser.swift; sourceTree = "<group>"; };
		5B37C34C647049726BF3DEED /* SettingsView.swift */ = {isa = PBXFileReference; lastKnownFileType = sourcecode.swift; path = SettingsView.swift; sourceTree = "<group>"; };
		670D3ADDF1E36BD021A3A38B /* StatsView.swift */ = {isa = PBXFileReference; lastKnownFileType = sourcecode.swift; path = StatsView.swift; sourceTree = "<group>"; };
		68161902B8397ACA3CD6C4B6 /* NowenReaderLiteApp.swift */ = {isa = PBXFileReference; lastKnownFileType = sourcecode.swift; path = NowenReaderLiteApp.swift; sourceTree = "<group>"; };
		6F3CF63A95EE284100F32221 /* ReadingStats.swift */ = {isa = PBXFileReference; lastKnownFileType = sourcecode.swift; path = ReadingStats.swift; sourceTree = "<group>"; };
		77AA1122334455667700AA00 /* AuthenticatedImage.swift */ = {isa = PBXFileReference; lastKnownFileType = sourcecode.swift; path = AuthenticatedImage.swift; sourceTree = "<group>"; };
		79CC617D5F7C868FFF90F75C /* Tag.swift */ = {isa = PBXFileReference; lastKnownFileType = sourcecode.swift; path = Tag.swift; sourceTree = "<group>"; };
		800BA4DE21472DAEE9BD72A5 /* ComicDetailView.swift */ = {isa = PBXFileReference; lastKnownFileType = sourcecode.swift; path = ComicDetailView.swift; sourceTree = "<group>"; };
		91346E6AC3EF13E05ABD82E0 /* ComicReaderView.swift */ = {isa = PBXFileReference; lastKnownFileType = sourcecode.swift; path = ComicReaderView.swift; sourceTree = "<group>"; };
		AA002233445566778800BB01 /* ComicGroup.swift */ = {isa = PBXFileReference; lastKnownFileType = sourcecode.swift; path = ComicGroup.swift; sourceTree = "<group>"; };
		AA002233445566778800BB03 /* GroupDetailView.swift */ = {isa = PBXFileReference; lastKnownFileType = sourcecode.swift; path = GroupDetailView.swift; sourceTree = "<group>"; };
		AABB00040000000000000001 /* ServerListView.swift */ = {isa = PBXFileReference; lastKnownFileType = sourcecode.swift; path = ServerListView.swift; sourceTree = "<group>"; };
		B3A15C46BF0124D64A8C3C5F /* SearchView.swift */ = {isa = PBXFileReference; lastKnownFileType = sourcecode.swift; path = SearchView.swift; sourceTree = "<group>"; };
		C4FA75D9C8968D84B368F9A8 /* SwiftDataSchema.swift */ = {isa = PBXFileReference; lastKnownFileType = sourcecode.swift; path = SwiftDataSchema.swift; sourceTree = "<group>"; };
		CC0000000000000000000002 /* AppLogger.swift */ = {isa = PBXFileReference; lastKnownFileType = sourcecode.swift; path = AppLogger.swift; sourceTree = "<group>"; };
		CC0000000000000000000004 /* KeychainHelper.swift */ = {isa = PBXFileReference; lastKnownFileType = sourcecode.swift; path = KeychainHelper.swift; sourceTree = "<group>"; };
		CC0000000000000000000006 /* AccountManagerView.swift */ = {isa = PBXFileReference; lastKnownFileType = sourcecode.swift; path = AccountManagerView.swift; sourceTree = "<group>"; };
		CC0000000000000000000008 /* ReadingRecordManager.swift */ = {isa = PBXFileReference; lastKnownFileType = sourcecode.swift; path = ReadingRecordManager.swift; sourceTree = "<group>"; };
		CC000000000000000000000B /* ImageCache.swift */ = {isa = PBXFileReference; lastKnownFileType = sourcecode.swift; path = ImageCache.swift; sourceTree = "<group>"; };
		CC000000000000000000000D /* PaginationService.swift */ = {isa = PBXFileReference; lastKnownFileType = sourcecode.swift; path = PaginationService.swift; sourceTree = "<group>"; };
		CC000000000000000000000F /* ChapterCache.swift */ = {isa = PBXFileReference; lastKnownFileType = sourcecode.swift; path = ChapterCache.swift; sourceTree = "<group>"; };
		CC0000000000000000000011 /* ComicReaderViewModel.swift */ = {isa = PBXFileReference; lastKnownFileType = sourcecode.swift; path = ComicReaderViewModel.swift; sourceTree = "<group>"; };
		CC0000000000000000000013 /* Comic+ReaderView.swift */ = {isa = PBXFileReference; lastKnownFileType = sourcecode.swift; path = "Comic+ReaderView.swift"; sourceTree = "<group>"; };
		D804FBE0A5F92DA8770C8FC7 /* Comic.swift */ = {isa = PBXFileReference; lastKnownFileType = sourcecode.swift; path = Comic.swift; sourceTree = "<group>"; };
		DC44AAB4CC664B62E2DDAD0D /* MainTabView.swift */ = {isa = PBXFileReference; lastKnownFileType = sourcecode.swift; path = MainTabView.swift; sourceTree = "<group>"; };
		DD1000000000000000000001 /* OfflineFileManager.swift */ = {isa = PBXFileReference; lastKnownFileType = sourcecode.swift; path = OfflineFileManager.swift; sourceTree = "<group>"; };
		DD1000000000000000000003 /* DownloadManager.swift */ = {isa = PBXFileReference; lastKnownFileType = sourcecode.swift; path = DownloadManager.swift; sourceTree = "<group>"; };
		DD1000000000000000000005 /* DownloadListView.swift */ = {isa = PBXFileReference; lastKnownFileType = sourcecode.swift; path = DownloadListView.swift; sourceTree = "<group>"; };
		DD2000000000000000000001 /* PendingProgressManager.swift */ = {isa = PBXFileReference; lastKnownFileType = sourcecode.swift; path = PendingProgressManager.swift; sourceTree = "<group>"; };
		E8B8E5B600CC96114C23DE72 /* ServerConfigView.swift */ = {isa = PBXFileReference; lastKnownFileType = sourcecode.swift; path = ServerConfigView.swift; sourceTree = "<group>"; };
		EE112233445566778899AABB /* HomeView.swift */ = {isa = PBXFileReference; lastKnownFileType = sourcecode.swift; path = HomeView.swift; sourceTree = "<group>"; };
		EE3344556677889900BB01 /* FormatUtils.swift */ = {isa = PBXFileReference; lastKnownFileType = sourcecode.swift; path = FormatUtils.swift; sourceTree = "<group>"; };
		F5318C1609DE58FD7D280D14 /* APIClient.swift */ = {isa = PBXFileReference; lastKnownFileType = sourcecode.swift; path = APIClient.swift; sourceTree = "<group>"; };
		F5A74BBAAACB8D0184EF7BE3 /* anime4k-4x-a-hq.mlpackage */ = {isa = PBXFileReference; lastKnownFileType = mlpackage; path = "anime4k-4x-a-hq.mlpackage"; sourceTree = "<group>"; };
		F5A74BBAAACB8D0184EF7BE5 /* ImageUpscaler.swift */ = {isa = PBXFileReference; lastKnownFileType = sourcecode.swift; path = ImageUpscaler.swift; sourceTree = "<group>"; };
		F5A74BBAAACB8D0184EF7BE9 /* RealESRGAN_x4plus_Anime.mlpackage */ = {isa = PBXFileReference; lastKnownFileType = mlpackage; path = RealESRGAN_x4plus_Anime.mlpackage; sourceTree = "<group>"; };
		FCB28DBA10692EB6A3641686 /* LibraryView.swift */ = {isa = PBXFileReference; lastKnownFileType = sourcecode.swift; path = LibraryView.swift; sourceTree = "<group>"; };
		FD448C133F7E79A1106AC69D /* LoginView.swift */ = {isa = PBXFileReference; lastKnownFileType = sourcecode.swift; path = LoginView.swift; sourceTree = "<group>"; };
/* End PBXFileReference section */

/* Begin PBXFrameworksBuildPhase section */
		A3D308C162A5C6EDD21765AD /* Frameworks */ = {
			isa = PBXFrameworksBuildPhase;
			buildActionMask = 2147483647;
			files = (
			);
			runOnlyForDeploymentPostprocessing = 0;
		};
/* End PBXFrameworksBuildPhase section */

/* Begin PBXGroup section */
		213CB37739F3B5953A6192C8 /* Products */ = {
			isa = PBXGroup;
			children = (
				0371F5659545954E0A349421 /* NowenReaderLite.app */,
			);
			name = Products;
			sourceTree = "<group>";
		};
		3E782E50A39364A6607FACBD /* Features */ = {
			isa = PBXGroup;
			children = (
				AABB00020000000000000001 /* Auth */,
				AABB00020000000000000002 /* Detail */,
				DD1000000000000000000007 /* Downloads */,
				AABB00020000000000000003 /* Favorites */,
				AABB00020000000000000004 /* Library */,
				AABB00020000000000000005 /* Reader */,
				AABB00020000000000000006 /* Search */,
				AABB00020000000000000007 /* Settings */,
				AABB00020000000000000008 /* Stats */,
			);
			path = Features;
			sourceTree = "<group>";
		};
		5DE1620EDED4C5CAF9D7DC50 /* App */ = {
			isa = PBXGroup;
			children = (
				DC44AAB4CC664B62E2DDAD0D /* MainTabView.swift */,
				68161902B8397ACA3CD6C4B6 /* NowenReaderLiteApp.swift */,
				17774F0F1EEC7CA81030666F /* RootRouter.swift */,
			);
			path = App;
			sourceTree = "<group>";
		};
		7A1FFFD63BF998B0D1C55B31 = {
			isa = PBXGroup;
			children = (
				F33D461A9F6071C0B406CFFD,
				213CB37739F3B5953A6192C8 /* Products */,
			);
			sourceTree = "<group>";
		};
		895392817E8DBEE7D4D0757F /* Core */ = {
			isa = PBXGroup;
			children = (
				AABB00010000000000000001 /* Network */,
				AABB00010000000000000002 /* Storage */,
				FF3344556677889900BB01 /* Extensions */,
				F5A74BBAAACB8D0184EF7BE0 /* Services */,
			);
			path = Core;
			sourceTree = "<group>";
		};
		AABB00010000000000000001 /* Network */ = {
			isa = PBXGroup;
			children = (
				F5318C1609DE58FD7D280D14 /* APIClient.swift */,
				77AA1122334455667700AA00 /* AuthenticatedImage.swift */,
			);
			path = Network;
			sourceTree = "<group>";
		};
		AABB00010000000000000002 /* Storage */ = {
			isa = PBXGroup;
			children = (
				C4FA75D9C8968D84B368F9A8 /* SwiftDataSchema.swift */,
				CC0000000000000000000004 /* KeychainHelper.swift */,
				CC0000000000000000000008 /* ReadingRecordManager.swift */,
				DD2000000000000000000001 /* PendingProgressManager.swift */,
			);
			path = Storage;
			sourceTree = "<group>";
		};
		AABB00020000000000000001 /* Auth */ = {
			isa = PBXGroup;
			children = (
				CC0000000000000000000006 /* AccountManagerView.swift */,
				FD448C133F7E79A1106AC69D /* LoginView.swift */,
				E8B8E5B600CC96114C23DE72 /* ServerConfigView.swift */,
				AABB00040000000000000001 /* ServerListView.swift */,
			);
			path = Auth;
			sourceTree = "<group>";
		};
		AABB00020000000000000002 /* Detail */ = {
			isa = PBXGroup;
			children = (
				800BA4DE21472DAEE9BD72A5 /* ComicDetailView.swift */,
				AA002233445566778800BB03 /* GroupDetailView.swift */,
			);
			path = Detail;
			sourceTree = "<group>";
		};
		AABB00020000000000000003 /* Favorites */ = {
			isa = PBXGroup;
			children = (
				29EAAF7BE27980179E153307 /* FavoritesView.swift */,
			);
			path = Favorites;
			sourceTree = "<group>";
		};
		AABB00020000000000000004 /* Library */ = {
			isa = PBXGroup;
			children = (
				FCB28DBA10692EB6A3641686 /* LibraryView.swift */,
				EE112233445566778899AABB /* HomeView.swift */,
			);
			path = Library;
			sourceTree = "<group>";
		};
		AABB00020000000000000005 /* Reader */ = {
			isa = PBXGroup;
			children = (
				91346E6AC3EF13E05ABD82E0 /* ComicReaderView.swift */,
				CC0000000000000000000011 /* ComicReaderViewModel.swift */,
				57BAE200908585CFAEF2F29F /* NovelReaderView.swift */,
				1BE60152235EF1C13E85021D /* PDFReaderView.swift */,
			);
			path = Reader;
			sourceTree = "<group>";
		};
		AABB00020000000000000006 /* Search */ = {
			isa = PBXGroup;
			children = (
				B3A15C46BF0124D64A8C3C5F /* SearchView.swift */,
			);
			path = Search;
			sourceTree = "<group>";
		};
		AABB00020000000000000007 /* Settings */ = {
			isa = PBXGroup;
			children = (
				5B37C34C647049726BF3DEED /* SettingsView.swift */,
			);
			path = Settings;
			sourceTree = "<group>";
		};
		AABB00020000000000000008 /* Stats */ = {
			isa = PBXGroup;
			children = (
				670D3ADDF1E36BD021A3A38B /* StatsView.swift */,
			);
			path = Stats;
			sourceTree = "<group>";
		};
		C5134298214FCDA52C4BC916 /* Models */ = {
			isa = PBXGroup;
			children = (
				588B06BD00473D792D75DEA4 /* AuthUser.swift */,
				D804FBE0A5F92DA8770C8FC7 /* Comic.swift */,
				6F3CF63A95EE284100F32221 /* ReadingStats.swift */,
				79CC617D5F7C868FFF90F75C /* Tag.swift */,
				AA002233445566778800BB01 /* ComicGroup.swift */,
			);
			path = Models;
			sourceTree = "<group>";
		};
		DD1000000000000000000007 /* Downloads */ = {
			isa = PBXGroup;
			children = (
				DD1000000000000000000005 /* DownloadListView.swift */,
			);
			path = Downloads;
			sourceTree = "<group>";
		};
		F33D461A9F6071C0B406CFFD = {
			isa = PBXGroup;
			children = (
				5DE1620EDED4C5CAF9D7DC50 /* App */,
				895392817E8DBEE7D4D0757F /* Core */,
				3E782E50A39364A6607FACBD /* Features */,
				C5134298214FCDA52C4BC916 /* Models */,
				2A5F6B3AC11518BEECED71CD /* Info.plist */,
				0A1B2C3D4E5F6A7B8C9D0E1F2A3B4C5D /* Assets.xcassets */,
				F5A74BBAAACB8D0184EF7BE3 /* anime4k-4x-a-hq.mlpackage */,
				F5A74BBAAACB8D0184EF7BE9 /* RealESRGAN_x4plus_Anime.mlpackage */,
			);
			sourceTree = "<group>";
		};
		F5A74BBAAACB8D0184EF7BE0 /* Services */ = {
			isa = PBXGroup;
			children = (
				F5A74BBAAACB8D0184EF7BE5 /* ImageUpscaler.swift */,
				CC000000000000000000000B /* ImageCache.swift */,
				CC000000000000000000000D /* PaginationService.swift */,
				CC000000000000000000000F /* ChapterCache.swift */,
				DD1000000000000000000001 /* OfflineFileManager.swift */,
				DD1000000000000000000003 /* DownloadManager.swift */,
			);
			path = Services;
			sourceTree = "<group>";
		};
		FF3344556677889900BB01 /* Extensions */ = {
			isa = PBXGroup;
			children = (
				EE3344556677889900BB01 /* FormatUtils.swift */,
				CC0000000000000000000002 /* AppLogger.swift */,
				CC0000000000000000000013 /* Comic+ReaderView.swift */,
			);
			path = Extensions;
			sourceTree = "<group>";
		};
/* End PBXGroup section */

/* Begin PBXNativeTarget section */
		D285CDD4DA0541B2D4FCD794 /* NowenReaderLite */ = {
			isa = PBXNativeTarget;
			buildConfigurationList = 59FC96CADDB4BC661E976C05 /* Build configuration list for PBXNativeTarget "NowenReaderLite" */;
			buildPhases = (
				3B8BD3981A388B8ECE9B501B /* Sources */,
				A3D308C162A5C6EDD21765AD /* Frameworks */,
				BB112233445566778899AABB /* Resources */,
			);
			buildRules = (
			);
			dependencies = (
			);
			name = NowenReaderLite;
			productName = NowenReaderLite;
			productReference = 0371F5659545954E0A349421 /* NowenReaderLite.app */;
			productType = "com.apple.product-type.application";
		};
/* End PBXNativeTarget section */

/* Begin PBXProject section */
		788D64E3537D1B4F3CD766F5 /* Project object */ = {
			isa = PBXProject;
			attributes = {
				BuildIndependentTargetsInParallel = YES;
				LastUpgradeCheck = 2650;
			};
			buildConfigurationList = 8ACFCFC27610B6D3B089443B /* Build configuration list for PBXProject "NowenReaderLite" */;
			compatibilityVersion = "Xcode 14.0";
			developmentRegion = en;
			hasScannedForEncodings = 0;
			knownRegions = (
				en,
				Base,
			);
			mainGroup = 7A1FFFD63BF998B0D1C55B31;
			productRefGroup = 213CB37739F3B5953A6192C8 /* Products */;
			projectDirPath = "";
			projectRoot = "";
			targets = (
				D285CDD4DA0541B2D4FCD794 /* NowenReaderLite */,
			);
		};
/* End PBXProject section */

/* Begin PBXResourcesBuildPhase section */
		BB112233445566778899AABB /* Resources */ = {
			isa = PBXResourcesBuildPhase;
			buildActionMask = 2147483647;
			files = (
				91F1A3C2B8D4E5F607A8B9C0D1E2F3A4 /* Assets.xcassets in Resources */,
				F5A74BBAAACB8D0184EF7BE4 /* anime4k-4x-a-hq.mlpackage in Resources */,
				F5A74BBAAACB8D0184EF7BEA /* RealESRGAN_x4plus_Anime.mlpackage in Resources */,
			);
			runOnlyForDeploymentPostprocessing = 0;
		};
/* End PBXResourcesBuildPhase section */

/* Begin PBXSourcesBuildPhase section */
		3B8BD3981A388B8ECE9B501B /* Sources */ = {
			isa = PBXSourcesBuildPhase;
			buildActionMask = 2147483647;
			files = (
				E5E727D0FEC62CDB10B018E9 /* NowenReaderLiteApp.swift in Sources */,
				858D6D397D4C7171A8503799 /* MainTabView.swift in Sources */,
				4362EE3CF4B606F3E86E31E9 /* RootRouter.swift in Sources */,
				62760E55A1F875DE0D4B59DA /* APIClient.swift in Sources */,
				66AA1122334455667700AA00 /* AuthenticatedImage.swift in Sources */,
				33625400DAB4F8A6E2BB4F33 /* SwiftDataSchema.swift in Sources */,
				EE3344556677889900BB02 /* FormatUtils.swift in Sources */,
				27452073BF7E16FFDA22C3D7 /* LoginView.swift in Sources */,
				E7853F900C8BA5EB70057CEB /* ServerConfigView.swift in Sources */,
				AABB00030000000000000001 /* ServerListView.swift in Sources */,
				0228C26BE452D04A047B2BEC /* ComicDetailView.swift in Sources */,
				612C81104C111196CD2DA490 /* FavoritesView.swift in Sources */,
				4312C00E3E754FF97B189E71 /* LibraryView.swift in Sources */,
				FF112233445566778899AABB /* HomeView.swift in Sources */,
				DA7EA316D1A45103D7500886 /* ComicReaderView.swift in Sources */,
				95882555E3015F53A499BA35 /* NovelReaderView.swift in Sources */,
				A8CB77540EE3B2CA7781AAEE /* PDFReaderView.swift in Sources */,
				2B782AD22E6F268347228108 /* SearchView.swift in Sources */,
				EAC5D9A804E4AC932916EE39 /* SettingsView.swift in Sources */,
				4B5F4AF5F8677CB7A908FCCB /* StatsView.swift in Sources */,
				43359D9B4B161C1AF2D3DFC0 /* AuthUser.swift in Sources */,
				BE27FFB197D2C1E2B8F11870 /* Comic.swift in Sources */,
				3A4549693656ED1378391633 /* ReadingStats.swift in Sources */,
				7AC85E334CC941FBA4BD6103 /* Tag.swift in Sources */,
				AA002233445566778800BB02 /* ComicGroup.swift in Sources */,
				AA002233445566778800BB04 /* GroupDetailView.swift in Sources */,
				CC0000000000000000000001 /* AppLogger.swift in Sources */,
				CC0000000000000000000003 /* KeychainHelper.swift in Sources */,
				CC0000000000000000000005 /* AccountManagerView.swift in Sources */,
				CC0000000000000000000007 /* ReadingRecordManager.swift in Sources */,
				CC0000000000000000000012 /* Comic+ReaderView.swift in Sources */,
				F5A74BBAAACB8D0184EF7BE6 /* ImageUpscaler.swift in Sources */,
				CC000000000000000000000A /* ImageCache.swift in Sources */,
				CC000000000000000000000C /* PaginationService.swift in Sources */,
				CC000000000000000000000E /* ChapterCache.swift in Sources */,
				CC0000000000000000000010 /* ComicReaderViewModel.swift in Sources */,
				DD1000000000000000000002 /* OfflineFileManager.swift in Sources */,
				DD1000000000000000000004 /* DownloadManager.swift in Sources */,
				DD2000000000000000000002 /* PendingProgressManager.swift in Sources */,
				DD1000000000000000000006 /* DownloadListView.swift in Sources */,
			);
			runOnlyForDeploymentPostprocessing = 0;
		};
/* End PBXSourcesBuildPhase section */

/* Begin XCBuildConfiguration section */
		73CEE62091445D7D510CEAC2 /* Release */ = {
			isa = XCBuildConfiguration;
			buildSettings = {
				ALWAYS_SEARCH_USER_PATHS = NO;
				CLANG_ANALYZER_NONNULL = YES;
				CLANG_CXX_LANGUAGE_STANDARD = "gnu++20";
				CLANG_ENABLE_MODULES = YES;
				CLANG_ENABLE_OBJC_ARC = YES;
				COPY_PHASE_STRIP = NO;
				CURRENT_PROJECT_VERSION = 1.1.0;
				DEBUG_INFORMATION_FORMAT = "dwarf-with-dsym";
				DEVELOPMENT_TEAM = 4CRX9GM329;
				ENABLE_NS_ASSERTIONS = NO;
				INFOPLIST_KEY_CFBundleDisplayName = NowenReaderLite;
				INFOPLIST_KEY_LSApplicationCategoryType = "public.app-category.books";
				INFOPLIST_KEY_UIApplicationSceneManifest_Generation = YES;
				INFOPLIST_KEY_UIApplicationSupportsIndirectInputEvents = YES;
				INFOPLIST_KEY_UILaunchScreen_Generation = YES;
				INFOPLIST_KEY_UISupportedInterfaceOrientations = "UIInterfaceOrientationLandscapeLeft UIInterfaceOrientationLandscapeRight UIInterfaceOrientationPortrait UIInterfaceOrientationPortraitUpsideDown";
				INFOPLIST_KEY_UISupportedInterfaceOrientations_iPhone = "UIInterfaceOrientationPortrait UIInterfaceOrientationLandscapeLeft UIInterfaceOrientationLandscapeRight";
				IPHONEOS_DEPLOYMENT_TARGET = 17.0;
				MARKETING_VERSION = 1.1.0;
				ONLY_ACTIVE_ARCH = NO;
				SDKROOT = iphoneos;
				SWIFT_COMPILATION_MODE = wholemodule;
				VALIDATE_PRODUCT = YES;
			};
			name = Release;
		};
		9E11F75B1C8370230E3892D9 /* Debug */ = {
			isa = XCBuildConfiguration;
			buildSettings = {
				ASSETCATALOG_COMPILER_APPICON_NAME = AppIcon;
				ASSETCATALOG_COMPILER_GLOBAL_ACCENT_COLOR_NAME = AccentColor;
				CLANG_WARN_BLOCK_CAPTURE_AUTORELEASING = YES;
				CLANG_WARN_BOOL_CONVERSION = YES;
				CLANG_WARN_COMMA = YES;
				CLANG_WARN_CONSTANT_CONVERSION = YES;
				CLANG_WARN_DEPRECATED_OBJC_IMPLEMENTATIONS = YES;
				CLANG_WARN_EMPTY_BODY = YES;
				CLANG_WARN_ENUM_CONVERSION = YES;
				CLANG_WARN_INFINITE_RECURSION = YES;
				CLANG_WARN_INT_CONVERSION = YES;
				CLANG_WARN_NON_LITERAL_NULL_CONVERSION = YES;
				CLANG_WARN_OBJC_IMPLICIT_RETAIN_SELF = YES;
				CLANG_WARN_OBJC_LITERAL_CONVERSION = YES;
				CLANG_WARN_QUOTED_INCLUDE_IN_FRAMEWORK_HEADER = YES;
				CLANG_WARN_RANGE_LOOP_ANALYSIS = YES;
				CLANG_WARN_STRICT_PROTOTYPES = YES;
				CLANG_WARN_SUSPICIOUS_MOVE = YES;
				CLANG_WARN_UNREACHABLE_CODE = YES;
				CLANG_WARN__DUPLICATE_METHOD_MATCH = YES;
				CODE_SIGN_STYLE = Automatic;
				DEAD_CODE_STRIPPING = YES;
				ENABLE_STRICT_OBJC_MSGSEND = YES;
				ENABLE_TESTABILITY = YES;
				ENABLE_USER_SCRIPT_SANDBOXING = YES;
				GCC_NO_COMMON_BLOCKS = YES;
				GCC_WARN_64_TO_32_BIT_CONVERSION = YES;
				GCC_WARN_ABOUT_RETURN_TYPE = YES;
				GCC_WARN_UNDECLARED_SELECTOR = YES;
				GCC_WARN_UNINITIALIZED_AUTOS = YES;
				GCC_WARN_UNUSED_FUNCTION = YES;
				GCC_WARN_UNUSED_VARIABLE = YES;
				GENERATE_INFOPLIST_FILE = YES;
				INFOPLIST_KEY_CFBundleDisplayName = NowenReaderLite;
				INFOPLIST_KEY_UIApplicationSceneManifest_Generation = YES;
				INFOPLIST_KEY_UIApplicationSupportsIndirectInputEvents = YES;
				INFOPLIST_KEY_UILaunchScreen_Generation = YES;
				INFOPLIST_KEY_UISupportedInterfaceOrientations_iPad = "UIInterfaceOrientationPortrait UIInterfaceOrientationPortraitUpsideDown UIInterfaceOrientationLandscapeLeft UIInterfaceOrientationLandscapeRight";
				INFOPLIST_KEY_UISupportedInterfaceOrientations_iPhone = "UIInterfaceOrientationPortrait UIInterfaceOrientationLandscapeLeft UIInterfaceOrientationLandscapeRight";
				LD_RUNPATH_SEARCH_PATHS = (
					"$(inherited)",
					"@executable_path/Frameworks",
				);
				MARKETING_VERSION = 1.1.0;
				ONLY_ACTIVE_ARCH = YES;
				PRODUCT_BUNDLE_IDENTIFIER = com.nowen.readerlite;
				PRODUCT_NAME = "$(TARGET_NAME)";
				STRING_CATALOG_GENERATE_SYMBOLS = YES;
				SWIFT_EMIT_LOC_STRINGS = YES;
				SWIFT_VERSION = 5.0;
				TARGETED_DEVICE_FAMILY = "1,2";
			};
			name = Debug;
		};
		C4BB9E721B686269765D99B7 /* Release */ = {
			isa = XCBuildConfiguration;
			buildSettings = {
				ASSETCATALOG_COMPILER_APPICON_NAME = AppIcon;
				ASSETCATALOG_COMPILER_GLOBAL_ACCENT_COLOR_NAME = AccentColor;
				CLANG_WARN_BLOCK_CAPTURE_AUTORELEASING = YES;
				CLANG_WARN_BOOL_CONVERSION = YES;
				CLANG_WARN_COMMA = YES;
				CLANG_WARN_CONSTANT_CONVERSION = YES;
				CLANG_WARN_DEPRECATED_OBJC_IMPLEMENTATIONS = YES;
				CLANG_WARN_EMPTY_BODY = YES;
				CLANG_WARN_ENUM_CONVERSION = YES;
				CLANG_WARN_INFINITE_RECURSION = YES;
				CLANG_WARN_INT_CONVERSION = YES;
				CLANG_WARN_NON_LITERAL_NULL_CONVERSION = YES;
				CLANG_WARN_OBJC_IMPLICIT_RETAIN_SELF = YES;
				CLANG_WARN_OBJC_LITERAL_CONVERSION = YES;
				CLANG_WARN_QUOTED_INCLUDE_IN_FRAMEWORK_HEADER = YES;
				CLANG_WARN_RANGE_LOOP_ANALYSIS = YES;
				CLANG_WARN_STRICT_PROTOTYPES = YES;
				CLANG_WARN_SUSPICIOUS_MOVE = YES;
				CLANG_WARN_UNREACHABLE_CODE = YES;
				CLANG_WARN__DUPLICATE_METHOD_MATCH = YES;
				CODE_SIGN_STYLE = Automatic;
				DEAD_CODE_STRIPPING = YES;
				ENABLE_STRICT_OBJC_MSGSEND = YES;
				ENABLE_USER_SCRIPT_SANDBOXING = YES;
				GCC_NO_COMMON_BLOCKS = YES;
				GCC_WARN_64_TO_32_BIT_CONVERSION = YES;
				GCC_WARN_ABOUT_RETURN_TYPE = YES;
				GCC_WARN_UNDECLARED_SELECTOR = YES;
				GCC_WARN_UNINITIALIZED_AUTOS = YES;
				GCC_WARN_UNUSED_FUNCTION = YES;
				GCC_WARN_UNUSED_VARIABLE = YES;
				GENERATE_INFOPLIST_FILE = YES;
				INFOPLIST_KEY_CFBundleDisplayName = NowenReaderLite;
				INFOPLIST_KEY_UIApplicationSceneManifest_Generation = YES;
				INFOPLIST_KEY_UIApplicationSupportsIndirectInputEvents = YES;
				INFOPLIST_KEY_UILaunchScreen_Generation = YES;
				INFOPLIST_KEY_UISupportedInterfaceOrientations_iPad = "UIInterfaceOrientationPortrait UIInterfaceOrientationPortraitUpsideDown UIInterfaceOrientationLandscapeLeft UIInterfaceOrientationLandscapeRight";
				INFOPLIST_KEY_UISupportedInterfaceOrientations_iPhone = "UIInterfaceOrientationPortrait UIInterfaceOrientationLandscapeLeft UIInterfaceOrientationLandscapeRight";
				LD_RUNPATH_SEARCH_PATHS = (
					"$(inherited)",
					"@executable_path/Frameworks",
				);
				MARKETING_VERSION = 1.1.0;
				PRODUCT_BUNDLE_IDENTIFIER = com.nowen.readerlite;
				PRODUCT_NAME = "$(TARGET_NAME)";
				STRING_CATALOG_GENERATE_SYMBOLS = YES;
				SWIFT_EMIT_LOC_STRINGS = YES;
				SWIFT_VERSION = 5.0;
				TARGETED_DEVICE_FAMILY = "1,2";
			};
			name = Release;
		};
		E4FA498CCA0F364DC920BB83 /* Debug */ = {
			isa = XCBuildConfiguration;
			buildSettings = {
				ALWAYS_SEARCH_USER_PATHS = NO;
				CLANG_ANALYZER_NONNULL = YES;
				CLANG_CXX_LANGUAGE_STANDARD = "gnu++20";
				CLANG_ENABLE_MODULES = YES;
				CLANG_ENABLE_OBJC_ARC = YES;
				COPY_PHASE_STRIP = NO;
				CURRENT_PROJECT_VERSION = 1.1.0;
				DEBUG_INFORMATION_FORMAT = dwarf;
				DEVELOPMENT_TEAM = 4CRX9GM329;
				ENABLE_TESTABILITY = YES;
				INFOPLIST_KEY_CFBundleDisplayName = NowenReaderLite;
				INFOPLIST_KEY_LSApplicationCategoryType = "public.app-category.books";
				INFOPLIST_KEY_UIApplicationSceneManifest_Generation = YES;
				INFOPLIST_KEY_UIApplicationSupportsIndirectInputEvents = YES;
				INFOPLIST_KEY_UILaunchScreen_Generation = YES;
				INFOPLIST_KEY_UISupportedInterfaceOrientations = "UIInterfaceOrientationLandscapeLeft UIInterfaceOrientationLandscapeRight UIInterfaceOrientationPortrait UIInterfaceOrientationPortraitUpsideDown";
				INFOPLIST_KEY_UISupportedInterfaceOrientations_iPhone = "UIInterfaceOrientationPortrait UIInterfaceOrientationLandscapeLeft UIInterfaceOrientationLandscapeRight";
				IPHONEOS_DEPLOYMENT_TARGET = 17.0;
				MARKETING_VERSION = 1.1.0;
				ONLY_ACTIVE_ARCH = YES;
				SDKROOT = iphoneos;
				SWIFT_ACTIVE_COMPILATION_CONDITIONS = "$(inherited) DEBUG";
				SWIFT_OPTIMIZATION_LEVEL = "-Onone";
			};
			name = Debug;
		};
/* End XCBuildConfiguration section */

/* Begin XCConfigurationList section */
		59FC96CADDB4BC661E976C05 /* Build configuration list for PBXNativeTarget "NowenReaderLite" */ = {
			isa = XCConfigurationList;
			buildConfigurations = (
				E4FA498CCA0F364DC920BB83 /* Debug */,
				73CEE62091445D7D510CEAC2 /* Release */,
			);
			defaultConfigurationIsVisible = 0;
			defaultConfigurationName = Release;
		};
		8ACFCFC27610B6D3B089443B /* Build configuration list for PBXProject "NowenReaderLite" */ = {
			isa = XCConfigurationList;
			buildConfigurations = (
				9E11F75B1C8370230E3892D9 /* Debug */,
				C4BB9E721B686269765D99B7 /* Release */,
			);
			defaultConfigurationIsVisible = 0;
			defaultConfigurationName = Release;
		};
/* End XCConfigurationList section */
	};
	rootObject = 788D64E3537D1B4F3CD766F5 /* Project object */;
}
